
Microsoft Visual Studio Solution File, Format Version 12.00
# Visual Studio Version 16
VisualStudioVersion = 16.0.28922.388
MinimumVisualStudioVersion = 10.0.40219.1
Project("{FAE04EC0-301F-11D3-BF4B-00C04F79EFBC}") = "DictionaryExercises", "DictionaryExercises\DictionaryExercises.csproj", "{1635A87D-510B-4C96-9ED3-31DEA51A119F}"
EndProject
Global
	GlobalSection(SolutionConfigurationPlatforms) = preSolution
		Debug|Any CPU = Debug|Any CPU
		Release|Any CPU = Release|Any CPU
	EndGlobalSection
	GlobalSection(ProjectConfigurationPlatforms) = postSolution
		{1635A87D-510B-4C96-9ED3-31DEA51A119F}.Debug|Any CPU.ActiveCfg = Debug|Any CPU
		{1635A87D-510B-4C96-9ED3-31DEA51A119F}.Debug|Any CPU.Build.0 = Debug|Any CPU
		{1635A87D-510B-4C96-9ED3-31DEA51A119F}.Release|Any CPU.ActiveCfg = Release|Any CPU
		{1635A87D-510B-4C96-9ED3-31DEA51A119F}.Release|Any CPU.Build.0 = Release|Any CPU
	EndGlobalSection
	GlobalSection(SolutionProperties) = preSolution
		HideSolutionNode = FALSE
	EndGlobalSection
	GlobalSection(ExtensibilityGlobals) = postSolution
		SolutionGuid = {42EECA95-96AF-43A5-BE2B-65211538472D}
	EndGlobalSection
EndGlobal
